// !$*UTF8*$!
{
	archiveVersion = 1;
	classes = {
	};
	objectVersion = 50;
	objects = {

/* Begin PBXBuildFile section */
		711BA00B20D990540063FCFB /* CannonFileLoader.swift in Sources */ = {isa = PBXBuildFile; fileRef = 711BA00A20D990540063FCFB /* CannonFileLoader.swift */; };
		71351EBC20D188C800BE9B60 /* main.swift in Sources */ = {isa = PBXBuildFile; fileRef = 71351EBB20D188C800BE9B60 /* main.swift */; };
		71351EC320D1890400BE9B60 /* ActionMenu.swift in Sources */ = {isa = PBXBuildFile; fileRef = 71351EC220D1890400BE9B60 /* ActionMenu.swift */; };
		71351EC620D1892500BE9B60 /* ActionMenuOption.swift in Sources */ = {isa = PBXBuildFile; fileRef = 71351EC520D1892500BE9B60 /* ActionMenuOption.swift */; };
		71351ECB20D18B9800BE9B60 /* ParametersChecker.swift in Sources */ = {isa = PBXBuildFile; fileRef = 71351ECA20D18B9800BE9B60 /* ParametersChecker.swift */; };
		71351ECE20D18C9200BE9B60 /* Parameters.swift in Sources */ = {isa = PBXBuildFile; fileRef = 71351ECD20D18C9200BE9B60 /* Parameters.swift */; };
		71351ED020D18CE300BE9B60 /* CommandExecutor.swift in Sources */ = {isa = PBXBuildFile; fileRef = 71351ECF20D18CE300BE9B60 /* CommandExecutor.swift */; };
		71351ED320D18D2300BE9B60 /* DoubleDashParameter.swift in Sources */ = {isa = PBXBuildFile; fileRef = 71351ED220D18D2300BE9B60 /* DoubleDashParameter.swift */; };
		71351ED520D18D7000BE9B60 /* SingleDashParameter.swift in Sources */ = {isa = PBXBuildFile; fileRef = 71351ED420D18D7000BE9B60 /* SingleDashParameter.swift */; };
		713BB4DE20D8B3EA0047079F /* CannonFileCreator.swift in Sources */ = {isa = PBXBuildFile; fileRef = 713BB4DD20D8B3EA0047079F /* CannonFileCreator.swift */; };
		713BB4E120D8B4370047079F /* CannonParameter.swift in Sources */ = {isa = PBXBuildFile; fileRef = 713BB4E020D8B4370047079F /* CannonParameter.swift */; };
		71A1F1A420D19A6300030D7F /* Array+ParameterCollection.swift in Sources */ = {isa = PBXBuildFile; fileRef = 71A1F1A320D19A6300030D7F /* Array+ParameterCollection.swift */; };
		71A1F1A620D19B5A00030D7F /* CommandParameter.swift in Sources */ = {isa = PBXBuildFile; fileRef = 71A1F1A520D19B5A00030D7F /* CommandParameter.swift */; };
		71A1F1A820D1BDE300030D7F /* ArchiveExecutor.swift in Sources */ = {isa = PBXBuildFile; fileRef = 71A1F1A720D1BDE300030D7F /* ArchiveExecutor.swift */; };
		71A1F1AA20D1BEAE00030D7F /* NoDashParameter.swift in Sources */ = {isa = PBXBuildFile; fileRef = 71A1F1A920D1BEAE00030D7F /* NoDashParameter.swift */; };
		71C3C2E920D4305700552A3F /* ExportExecutor.swift in Sources */ = {isa = PBXBuildFile; fileRef = 71C3C2E820D4305700552A3F /* ExportExecutor.swift */; };
		71C3C2EB20D4314000552A3F /* ArchiveTool.swift in Sources */ = {isa = PBXBuildFile; fileRef = 71C3C2EA20D4314000552A3F /* ArchiveTool.swift */; };
		71C3C2ED20D4314F00552A3F /* ExportTool.swift in Sources */ = {isa = PBXBuildFile; fileRef = 71C3C2EC20D4314F00552A3F /* ExportTool.swift */; };
		71C3C2EF20D4315C00552A3F /* UploadTool.swift in Sources */ = {isa = PBXBuildFile; fileRef = 71C3C2EE20D4315C00552A3F /* UploadTool.swift */; };
		71C3C2F120D4369600552A3F /* ExecutorProtocol.swift in Sources */ = {isa = PBXBuildFile; fileRef = 71C3C2F020D4369600552A3F /* ExecutorProtocol.swift */; };
		71C3C2F320D44B0300552A3F /* UploadExecutor.swift in Sources */ = {isa = PBXBuildFile; fileRef = 71C3C2F220D44B0300552A3F /* UploadExecutor.swift */; };
		71C669CA20D2BA8600F3BED9 /* Console.swift in Sources */ = {isa = PBXBuildFile; fileRef = 71C669C920D2BA8600F3BED9 /* Console.swift */; };
		71C669CF20D2DA9200F3BED9 /* Application.swift in Sources */ = {isa = PBXBuildFile; fileRef = 71C669CE20D2DA9200F3BED9 /* Application.swift */; };
		71D0F51920D9AE9B001CBF8F /* CannonPreBuild.swift in Sources */ = {isa = PBXBuildFile; fileRef = 71D0F51820D9AE9B001CBF8F /* CannonPreBuild.swift */; };
		71D7563720D816000029DD48 /* Synchronizator.m in Sources */ = {isa = PBXBuildFile; fileRef = 71D7563620D816000029DD48 /* Synchronizator.m */; };
		71E2800320D95C82009DAA97 /* CannonDistribute.swift in Sources */ = {isa = PBXBuildFile; fileRef = 71E2800220D95C82009DAA97 /* CannonDistribute.swift */; };
		71F0016220D5683200407CA1 /* Trap.swift in Sources */ = {isa = PBXBuildFile; fileRef = 71F0016120D5683200407CA1 /* Trap.swift */; };
/* End PBXBuildFile section */

/* Begin PBXCopyFilesBuildPhase section */
		71351EB620D188C800BE9B60 /* CopyFiles */ = {
			isa = PBXCopyFilesBuildPhase;
			buildActionMask = 2147483647;
			dstPath = /usr/share/man/man1/;
			dstSubfolderSpec = 0;
			files = (
			);
			runOnlyForDeploymentPostprocessing = 1;
		};
/* End PBXCopyFilesBuildPhase section */

/* Begin PBXFileReference section */
		711BA00A20D990540063FCFB /* CannonFileLoader.swift */ = {isa = PBXFileReference; lastKnownFileType = sourcecode.swift; path = CannonFileLoader.swift; sourceTree = "<group>"; };
		71351EB820D188C800BE9B60 /* buildcannon */ = {isa = PBXFileReference; explicitFileType = "compiled.mach-o.executable"; includeInIndex = 0; path = buildcannon; sourceTree = BUILT_PRODUCTS_DIR; };
		71351EBB20D188C800BE9B60 /* main.swift */ = {isa = PBXFileReference; lastKnownFileType = sourcecode.swift; path = main.swift; sourceTree = "<group>"; };
		71351EC220D1890400BE9B60 /* ActionMenu.swift */ = {isa = PBXFileReference; lastKnownFileType = sourcecode.swift; path = ActionMenu.swift; sourceTree = "<group>"; };
		71351EC520D1892500BE9B60 /* ActionMenuOption.swift */ = {isa = PBXFileReference; lastKnownFileType = sourcecode.swift; path = ActionMenuOption.swift; sourceTree = "<group>"; };
		71351ECA20D18B9800BE9B60 /* ParametersChecker.swift */ = {isa = PBXFileReference; lastKnownFileType = sourcecode.swift; path = ParametersChecker.swift; sourceTree = "<group>"; };
		71351ECD20D18C9200BE9B60 /* Parameters.swift */ = {isa = PBXFileReference; lastKnownFileType = sourcecode.swift; path = Parameters.swift; sourceTree = "<group>"; };
		71351ECF20D18CE300BE9B60 /* CommandExecutor.swift */ = {isa = PBXFileReference; lastKnownFileType = sourcecode.swift; path = CommandExecutor.swift; sourceTree = "<group>"; };
		71351ED220D18D2300BE9B60 /* DoubleDashParameter.swift */ = {isa = PBXFileReference; lastKnownFileType = sourcecode.swift; path = DoubleDashParameter.swift; sourceTree = "<group>"; };
		71351ED420D18D7000BE9B60 /* SingleDashParameter.swift */ = {isa = PBXFileReference; lastKnownFileType = sourcecode.swift; path = SingleDashParameter.swift; sourceTree = "<group>"; };
		713BB4DD20D8B3EA0047079F /* CannonFileCreator.swift */ = {isa = PBXFileReference; lastKnownFileType = sourcecode.swift; path = CannonFileCreator.swift; sourceTree = "<group>"; };
		713BB4E020D8B4370047079F /* CannonParameter.swift */ = {isa = PBXFileReference; lastKnownFileType = sourcecode.swift; path = CannonParameter.swift; sourceTree = "<group>"; };
		71A1F1A320D19A6300030D7F /* Array+ParameterCollection.swift */ = {isa = PBXFileReference; lastKnownFileType = sourcecode.swift; path = "Array+ParameterCollection.swift"; sourceTree = "<group>"; };
		71A1F1A520D19B5A00030D7F /* CommandParameter.swift */ = {isa = PBXFileReference; lastKnownFileType = sourcecode.swift; path = CommandParameter.swift; sourceTree = "<group>"; };
		71A1F1A720D1BDE300030D7F /* ArchiveExecutor.swift */ = {isa = PBXFileReference; lastKnownFileType = sourcecode.swift; path = ArchiveExecutor.swift; sourceTree = "<group>"; };
		71A1F1A920D1BEAE00030D7F /* NoDashParameter.swift */ = {isa = PBXFileReference; lastKnownFileType = sourcecode.swift; path = NoDashParameter.swift; sourceTree = "<group>"; };
		71C3C2E820D4305700552A3F /* ExportExecutor.swift */ = {isa = PBXFileReference; lastKnownFileType = sourcecode.swift; path = ExportExecutor.swift; sourceTree = "<group>"; };
		71C3C2EA20D4314000552A3F /* ArchiveTool.swift */ = {isa = PBXFileReference; lastKnownFileType = sourcecode.swift; path = ArchiveTool.swift; sourceTree = "<group>"; };
		71C3C2EC20D4314F00552A3F /* ExportTool.swift */ = {isa = PBXFileReference; lastKnownFileType = sourcecode.swift; path = ExportTool.swift; sourceTree = "<group>"; };
		71C3C2EE20D4315C00552A3F /* UploadTool.swift */ = {isa = PBXFileReference; lastKnownFileType = sourcecode.swift; path = UploadTool.swift; sourceTree = "<group>"; };
		71C3C2F020D4369600552A3F /* ExecutorProtocol.swift */ = {isa = PBXFileReference; lastKnownFileType = sourcecode.swift; path = ExecutorProtocol.swift; sourceTree = "<group>"; };
		71C3C2F220D44B0300552A3F /* UploadExecutor.swift */ = {isa = PBXFileReference; lastKnownFileType = sourcecode.swift; path = UploadExecutor.swift; sourceTree = "<group>"; };
		71C669C920D2BA8600F3BED9 /* Console.swift */ = {isa = PBXFileReference; lastKnownFileType = sourcecode.swift; path = Console.swift; sourceTree = "<group>"; };
		71C669CE20D2DA9200F3BED9 /* Application.swift */ = {isa = PBXFileReference; lastKnownFileType = sourcecode.swift; path = Application.swift; sourceTree = "<group>"; };
		71D0F51820D9AE9B001CBF8F /* CannonPreBuild.swift */ = {isa = PBXFileReference; lastKnownFileType = sourcecode.swift; path = CannonPreBuild.swift; sourceTree = "<group>"; };
		71D7563420D816000029DD48 /* buildcannon-Bridging-Header.h */ = {isa = PBXFileReference; lastKnownFileType = sourcecode.c.h; path = "buildcannon-Bridging-Header.h"; sourceTree = "<group>"; };
		71D7563520D816000029DD48 /* Synchronizator.h */ = {isa = PBXFileReference; lastKnownFileType = sourcecode.c.h; path = Synchronizator.h; sourceTree = "<group>"; };
		71D7563620D816000029DD48 /* Synchronizator.m */ = {isa = PBXFileReference; lastKnownFileType = sourcecode.c.objc; path = Synchronizator.m; sourceTree = "<group>"; };
		71E2800220D95C82009DAA97 /* CannonDistribute.swift */ = {isa = PBXFileReference; lastKnownFileType = sourcecode.swift; path = CannonDistribute.swift; sourceTree = "<group>"; };
		71F0016120D5683200407CA1 /* Trap.swift */ = {isa = PBXFileReference; lastKnownFileType = sourcecode.swift; path = Trap.swift; sourceTree = "<group>"; };
/* End PBXFileReference section */

/* Begin PBXFrameworksBuildPhase section */
		71351EB520D188C800BE9B60 /* Frameworks */ = {
			isa = PBXFrameworksBuildPhase;
			buildActionMask = 2147483647;
			files = (
			);
			runOnlyForDeploymentPostprocessing = 0;
		};
/* End PBXFrameworksBuildPhase section */

/* Begin PBXGroup section */
		71351EAF20D188C800BE9B60 = {
			isa = PBXGroup;
			children = (
				71351EBA20D188C800BE9B60 /* buildcannon */,
				71351EB920D188C800BE9B60 /* Products */,
			);
			sourceTree = "<group>";
		};
		71351EB920D188C800BE9B60 /* Products */ = {
			isa = PBXGroup;
			children = (
				71351EB820D188C800BE9B60 /* buildcannon */,
			);
			name = Products;
			sourceTree = "<group>";
		};
		71351EBA20D188C800BE9B60 /* buildcannon */ = {
			isa = PBXGroup;
			children = (
				713BB4DB20D8B3D70047079F /* Cannon */,
				71C669CD20D2DA8900F3BED9 /* Application */,
				71C669C820D2BA7E00F3BED9 /* Logger */,
				71A1F1A220D19A5200030D7F /* Extensions */,
				71351ECC20D18C8700BE9B60 /* Consts */,
				71351EC720D18B5300BE9B60 /* BuildFlow */,
				71351EC420D1891600BE9B60 /* ActionMenu */,
				71351EBB20D188C800BE9B60 /* main.swift */,
			);
			path = buildcannon;
			sourceTree = "<group>";
		};
		71351EC420D1891600BE9B60 /* ActionMenu */ = {
			isa = PBXGroup;
			children = (
				71351EC220D1890400BE9B60 /* ActionMenu.swift */,
				71351EC520D1892500BE9B60 /* ActionMenuOption.swift */,
			);
			path = ActionMenu;
			sourceTree = "<group>";
		};
		71351EC720D18B5300BE9B60 /* BuildFlow */ = {
			isa = PBXGroup;
			children = (
				713BB4E220D8BDAC0047079F /* BusinessRules */,
				71C3C2E720D4300D00552A3F /* Commands */,
				71351ED120D18D1500BE9B60 /* CommandExecutor */,
			);
			path = BuildFlow;
			sourceTree = "<group>";
		};
		71351ECC20D18C8700BE9B60 /* Consts */ = {
			isa = PBXGroup;
			children = (
				71351ECD20D18C9200BE9B60 /* Parameters.swift */,
				71C3C2EA20D4314000552A3F /* ArchiveTool.swift */,
				71C3C2EC20D4314F00552A3F /* ExportTool.swift */,
				71C3C2EE20D4315C00552A3F /* UploadTool.swift */,
			);
			path = Consts;
			sourceTree = "<group>";
		};
		71351ED120D18D1500BE9B60 /* CommandExecutor */ = {
			isa = PBXGroup;
			children = (
				71351ECF20D18CE300BE9B60 /* CommandExecutor.swift */,
				71A1F1A520D19B5A00030D7F /* CommandParameter.swift */,
				71351ED220D18D2300BE9B60 /* DoubleDashParameter.swift */,
				71351ED420D18D7000BE9B60 /* SingleDashParameter.swift */,
				71A1F1A920D1BEAE00030D7F /* NoDashParameter.swift */,
			);
			path = CommandExecutor;
			sourceTree = "<group>";
		};
		713BB4DB20D8B3D70047079F /* Cannon */ = {
			isa = PBXGroup;
			children = (
				713BB4DF20D8B4210047079F /* Consts */,
				713BB4DC20D8B3DD0047079F /* Commands */,
			);
			path = Cannon;
			sourceTree = "<group>";
		};
		713BB4DC20D8B3DD0047079F /* Commands */ = {
			isa = PBXGroup;
			children = (
				713BB4DD20D8B3EA0047079F /* CannonFileCreator.swift */,
				711BA00A20D990540063FCFB /* CannonFileLoader.swift */,
				71E2800220D95C82009DAA97 /* CannonDistribute.swift */,
				71D0F51820D9AE9B001CBF8F /* CannonPreBuild.swift */,
			);
			path = Commands;
			sourceTree = "<group>";
		};
		713BB4DF20D8B4210047079F /* Consts */ = {
			isa = PBXGroup;
			children = (
				713BB4E020D8B4370047079F /* CannonParameter.swift */,
			);
			path = Consts;
			sourceTree = "<group>";
		};
		713BB4E220D8BDAC0047079F /* BusinessRules */ = {
			isa = PBXGroup;
			children = (
				71351ECA20D18B9800BE9B60 /* ParametersChecker.swift */,
			);
			path = BusinessRules;
			sourceTree = "<group>";
		};
		71A1F1A220D19A5200030D7F /* Extensions */ = {
			isa = PBXGroup;
			children = (
				71A1F1A320D19A6300030D7F /* Array+ParameterCollection.swift */,
			);
			path = Extensions;
			sourceTree = "<group>";
		};
		71C3C2E720D4300D00552A3F /* Commands */ = {
			isa = PBXGroup;
			children = (
				71C3C2F020D4369600552A3F /* ExecutorProtocol.swift */,
				71A1F1A720D1BDE300030D7F /* ArchiveExecutor.swift */,
				71C3C2E820D4305700552A3F /* ExportExecutor.swift */,
				71C3C2F220D44B0300552A3F /* UploadExecutor.swift */,
			);
			path = Commands;
			sourceTree = "<group>";
		};
		71C669C820D2BA7E00F3BED9 /* Logger */ = {
			isa = PBXGroup;
			children = (
				71C669C920D2BA8600F3BED9 /* Console.swift */,
			);
			path = Logger;
			sourceTree = "<group>";
		};
		71C669CD20D2DA8900F3BED9 /* Application */ = {
			isa = PBXGroup;
			children = (
				71C669CE20D2DA9200F3BED9 /* Application.swift */,
				71F0016120D5683200407CA1 /* Trap.swift */,
				71D7563520D816000029DD48 /* Synchronizator.h */,
				71D7563620D816000029DD48 /* Synchronizator.m */,
				71D7563420D816000029DD48 /* buildcannon-Bridging-Header.h */,
			);
			path = Application;
			sourceTree = "<group>";
		};
/* End PBXGroup section */

/* Begin PBXNativeTarget section */
		71351EB720D188C800BE9B60 /* buildcannon */ = {
			isa = PBXNativeTarget;
			buildConfigurationList = 71351EBF20D188C800BE9B60 /* Build configuration list for PBXNativeTarget "buildcannon" */;
			buildPhases = (
				71351EB420D188C800BE9B60 /* Sources */,
				71351EB520D188C800BE9B60 /* Frameworks */,
				71351EB620D188C800BE9B60 /* CopyFiles */,
			);
			buildRules = (
			);
			dependencies = (
			);
			name = buildcannon;
			productName = buildtool;
			productReference = 71351EB820D188C800BE9B60 /* buildcannon */;
			productType = "com.apple.product-type.tool";
		};
/* End PBXNativeTarget section */

/* Begin PBXProject section */
		71351EB020D188C800BE9B60 /* Project object */ = {
			isa = PBXProject;
			attributes = {
				LastSwiftUpdateCheck = 0940;
				LastUpgradeCheck = 0940;
				ORGANIZATIONNAME = InsaniTech;
				TargetAttributes = {
					71351EB720D188C800BE9B60 = {
						CreatedOnToolsVersion = 9.4;
						LastSwiftMigration = 0940;
					};
				};
			};
			buildConfigurationList = 71351EB320D188C800BE9B60 /* Build configuration list for PBXProject "buildcannon" */;
			compatibilityVersion = "Xcode 9.3";
			developmentRegion = en;
			hasScannedForEncodings = 0;
			knownRegions = (
				en,
			);
			mainGroup = 71351EAF20D188C800BE9B60;
			productRefGroup = 71351EB920D188C800BE9B60 /* Products */;
			projectDirPath = "";
			projectRoot = "";
			targets = (
				71351EB720D188C800BE9B60 /* buildcannon */,
			);
		};
/* End PBXProject section */

/* Begin PBXSourcesBuildPhase section */
		71351EB420D188C800BE9B60 /* Sources */ = {
			isa = PBXSourcesBuildPhase;
			buildActionMask = 2147483647;
			files = (
				71A1F1A820D1BDE300030D7F /* ArchiveExecutor.swift in Sources */,
				71E2800320D95C82009DAA97 /* CannonDistribute.swift in Sources */,
				71A1F1A620D19B5A00030D7F /* CommandParameter.swift in Sources */,
				71351ECE20D18C9200BE9B60 /* Parameters.swift in Sources */,
				71351EC620D1892500BE9B60 /* ActionMenuOption.swift in Sources */,
				711BA00B20D990540063FCFB /* CannonFileLoader.swift in Sources */,
				71C3C2ED20D4314F00552A3F /* ExportTool.swift in Sources */,
				71351ED020D18CE300BE9B60 /* CommandExecutor.swift in Sources */,
				71F0016220D5683200407CA1 /* Trap.swift in Sources */,
				71351ED320D18D2300BE9B60 /* DoubleDashParameter.swift in Sources */,
				71A1F1AA20D1BEAE00030D7F /* NoDashParameter.swift in Sources */,
				71351EC320D1890400BE9B60 /* ActionMenu.swift in Sources */,
				713BB4DE20D8B3EA0047079F /* CannonFileCreator.swift in Sources */,
				71351ECB20D18B9800BE9B60 /* ParametersChecker.swift in Sources */,
				71D0F51920D9AE9B001CBF8F /* CannonPreBuild.swift in Sources */,
				71C669CA20D2BA8600F3BED9 /* Console.swift in Sources */,
				71D7563720D816000029DD48 /* Synchronizator.m in Sources */,
				713BB4E120D8B4370047079F /* CannonParameter.swift in Sources */,
				71C3C2E920D4305700552A3F /* ExportExecutor.swift in Sources */,
				71351EBC20D188C800BE9B60 /* main.swift in Sources */,
				71C3C2EB20D4314000552A3F /* ArchiveTool.swift in Sources */,
				71C3C2EF20D4315C00552A3F /* UploadTool.swift in Sources */,
				71C3C2F320D44B0300552A3F /* UploadExecutor.swift in Sources */,
				71351ED520D18D7000BE9B60 /* SingleDashParameter.swift in Sources */,
				71C3C2F120D4369600552A3F /* ExecutorProtocol.swift in Sources */,
				71C669CF20D2DA9200F3BED9 /* Application.swift in Sources */,
				71A1F1A420D19A6300030D7F /* Array+ParameterCollection.swift in Sources */,
			);
			runOnlyForDeploymentPostprocessing = 0;
		};
/* End PBXSourcesBuildPhase section */

/* Begin XCBuildConfiguration section */
		71351EBD20D188C800BE9B60 /* Debug */ = {
			isa = XCBuildConfiguration;
			buildSettings = {
				ALWAYS_SEARCH_USER_PATHS = NO;
				CLANG_ANALYZER_NONNULL = YES;
				CLANG_ANALYZER_NUMBER_OBJECT_CONVERSION = YES_AGGRESSIVE;
				CLANG_CXX_LANGUAGE_STANDARD = "gnu++14";
				CLANG_CXX_LIBRARY = "libc++";
				CLANG_ENABLE_MODULES = YES;
				CLANG_ENABLE_OBJC_ARC = YES;
				CLANG_ENABLE_OBJC_WEAK = YES;
				CLANG_WARN_BLOCK_CAPTURE_AUTORELEASING = YES;
				CLANG_WARN_BOOL_CONVERSION = YES;
				CLANG_WARN_COMMA = YES;
				CLANG_WARN_CONSTANT_CONVERSION = YES;
				CLANG_WARN_DEPRECATED_OBJC_IMPLEMENTATIONS = YES;
				CLANG_WARN_DIRECT_OBJC_ISA_USAGE = YES_ERROR;
				CLANG_WARN_DOCUMENTATION_COMMENTS = YES;
				CLANG_WARN_EMPTY_BODY = YES;
				CLANG_WARN_ENUM_CONVERSION = YES;
				CLANG_WARN_INFINITE_RECURSION = YES;
				CLANG_WARN_INT_CONVERSION = YES;
				CLANG_WARN_NON_LITERAL_NULL_CONVERSION = YES;
				CLANG_WARN_OBJC_IMPLICIT_RETAIN_SELF = YES;
				CLANG_WARN_OBJC_LITERAL_CONVERSION = YES;
				CLANG_WARN_OBJC_ROOT_CLASS = YES_ERROR;
				CLANG_WARN_RANGE_LOOP_ANALYSIS = YES;
				CLANG_WARN_STRICT_PROTOTYPES = YES;
				CLANG_WARN_SUSPICIOUS_MOVE = YES;
				CLANG_WARN_UNGUARDED_AVAILABILITY = YES_AGGRESSIVE;
				CLANG_WARN_UNREACHABLE_CODE = YES;
				CLANG_WARN__DUPLICATE_METHOD_MATCH = YES;
				CODE_SIGN_IDENTITY = "-";
				COPY_PHASE_STRIP = NO;
				DEBUG_INFORMATION_FORMAT = dwarf;
				ENABLE_STRICT_OBJC_MSGSEND = YES;
				ENABLE_TESTABILITY = YES;
				GCC_C_LANGUAGE_STANDARD = gnu11;
				GCC_DYNAMIC_NO_PIC = NO;
				GCC_NO_COMMON_BLOCKS = YES;
				GCC_OPTIMIZATION_LEVEL = 0;
				GCC_PREPROCESSOR_DEFINITIONS = (
					"DEBUG=1",
					"$(inherited)",
				);
				GCC_WARN_64_TO_32_BIT_CONVERSION = YES;
				GCC_WARN_ABOUT_RETURN_TYPE = YES_ERROR;
				GCC_WARN_UNDECLARED_SELECTOR = YES;
				GCC_WARN_UNINITIALIZED_AUTOS = YES_AGGRESSIVE;
				GCC_WARN_UNUSED_FUNCTION = YES;
				GCC_WARN_UNUSED_VARIABLE = YES;
				MACOSX_DEPLOYMENT_TARGET = 10.13;
				MTL_ENABLE_DEBUG_INFO = YES;
				ONLY_ACTIVE_ARCH = YES;
				SDKROOT = macosx;
				SWIFT_ACTIVE_COMPILATION_CONDITIONS = DEBUG;
				SWIFT_OPTIMIZATION_LEVEL = "-Onone";
			};
			name = Debug;
		};
		71351EBE20D188C800BE9B60 /* Release */ = {
			isa = XCBuildConfiguration;
			buildSettings = {
				ALWAYS_SEARCH_USER_PATHS = NO;
				CLANG_ANALYZER_NONNULL = YES;
				CLANG_ANALYZER_NUMBER_OBJECT_CONVERSION = YES_AGGRESSIVE;
				CLANG_CXX_LANGUAGE_STANDARD = "gnu++14";
				CLANG_CXX_LIBRARY = "libc++";
				CLANG_ENABLE_MODULES = YES;
				CLANG_ENABLE_OBJC_ARC = YES;
				CLANG_ENABLE_OBJC_WEAK = YES;
				CLANG_WARN_BLOCK_CAPTURE_AUTORELEASING = YES;
				CLANG_WARN_BOOL_CONVERSION = YES;
				CLANG_WARN_COMMA = YES;
				CLANG_WARN_CONSTANT_CONVERSION = YES;
				CLANG_WARN_DEPRECATED_OBJC_IMPLEMENTATIONS = YES;
				CLANG_WARN_DIRECT_OBJC_ISA_USAGE = YES_ERROR;
				CLANG_WARN_DOCUMENTATION_COMMENTS = YES;
				CLANG_WARN_EMPTY_BODY = YES;
				CLANG_WARN_ENUM_CONVERSION = YES;
				CLANG_WARN_INFINITE_RECURSION = YES;
				CLANG_WARN_INT_CONVERSION = YES;
				CLANG_WARN_NON_LITERAL_NULL_CONVERSION = YES;
				CLANG_WARN_OBJC_IMPLICIT_RETAIN_SELF = YES;
				CLANG_WARN_OBJC_LITERAL_CONVERSION = YES;
				CLANG_WARN_OBJC_ROOT_CLASS = YES_ERROR;
				CLANG_WARN_RANGE_LOOP_ANALYSIS = YES;
				CLANG_WARN_STRICT_PROTOTYPES = YES;
				CLANG_WARN_SUSPICIOUS_MOVE = YES;
				CLANG_WARN_UNGUARDED_AVAILABILITY = YES_AGGRESSIVE;
				CLANG_WARN_UNREACHABLE_CODE = YES;
				CLANG_WARN__DUPLICATE_METHOD_MATCH = YES;
				CODE_SIGN_IDENTITY = "-";
				COPY_PHASE_STRIP = NO;
				DEBUG_INFORMATION_FORMAT = "dwarf-with-dsym";
				ENABLE_NS_ASSERTIONS = NO;
				ENABLE_STRICT_OBJC_MSGSEND = YES;
				GCC_C_LANGUAGE_STANDARD = gnu11;
				GCC_NO_COMMON_BLOCKS = YES;
				GCC_WARN_64_TO_32_BIT_CONVERSION = YES;
				GCC_WARN_ABOUT_RETURN_TYPE = YES_ERROR;
				GCC_WARN_UNDECLARED_SELECTOR = YES;
				GCC_WARN_UNINITIALIZED_AUTOS = YES_AGGRESSIVE;
				GCC_WARN_UNUSED_FUNCTION = YES;
				GCC_WARN_UNUSED_VARIABLE = YES;
				MACOSX_DEPLOYMENT_TARGET = 10.13;
				MTL_ENABLE_DEBUG_INFO = NO;
				SDKROOT = macosx;
				SWIFT_COMPILATION_MODE = wholemodule;
				SWIFT_OPTIMIZATION_LEVEL = "-O";
			};
			name = Release;
		};
		71351EC020D188C800BE9B60 /* Debug */ = {
			isa = XCBuildConfiguration;
			buildSettings = {
				CLANG_ENABLE_MODULES = YES;
				CODE_SIGN_STYLE = Automatic;
				LD_RUNPATH_SEARCH_PATHS = (
					"$(inherited)",
					"@executable_path/../Frameworks",
					"@loader_path/../Frameworks",
				);
				MACOSX_DEPLOYMENT_TARGET = 10.10;
				PRODUCT_NAME = "$(TARGET_NAME)";
				SWIFT_OBJC_BRIDGING_HEADER = "buildcannon/Application/buildcannon-Bridging-Header.h";
				SWIFT_OPTIMIZATION_LEVEL = "-Onone";
				SWIFT_VERSION = 4.0;
			};
			name = Debug;
		};
		71351EC120D188C800BE9B60 /* Release */ = {
			isa = XCBuildConfiguration;
			buildSettings = {
				CLANG_ENABLE_MODULES = YES;
				CODE_SIGN_STYLE = Automatic;
				LD_RUNPATH_SEARCH_PATHS = (
					"$(inherited)",
					"@executable_path/../Frameworks",
					"@loader_path/../Frameworks",
				);
				MACOSX_DEPLOYMENT_TARGET = 10.10;
				PRODUCT_NAME = "$(TARGET_NAME)";
				SWIFT_OBJC_BRIDGING_HEADER = "buildcannon/Application/buildcannon-Bridging-Header.h";
				SWIFT_VERSION = 4.0;
			};
			name = Release;
		};
/* End XCBuildConfiguration section */

/* Begin XCConfigurationList section */
		71351EB320D188C800BE9B60 /* Build configuration list for PBXProject "buildcannon" */ = {
			isa = XCConfigurationList;
			buildConfigurations = (
				71351EBD20D188C800BE9B60 /* Debug */,
				71351EBE20D188C800BE9B60 /* Release */,
			);
			defaultConfigurationIsVisible = 0;
			defaultConfigurationName = Release;
		};
		71351EBF20D188C800BE9B60 /* Build configuration list for PBXNativeTarget "buildcannon" */ = {
			isa = XCConfigurationList;
			buildConfigurations = (
				71351EC020D188C800BE9B60 /* Debug */,
				71351EC120D188C800BE9B60 /* Release */,
			);
			defaultConfigurationIsVisible = 0;
			defaultConfigurationName = Release;
		};
/* End XCConfigurationList section */
	};
	rootObject = 71351EB020D188C800BE9B60 /* Project object */;
}
